<?xml version="1.0" encoding="utf-8"?>
<Project ToolsVersion="4.0" xmlns="http://schemas.microsoft.com/developer/msbuild/2003">
  <ItemGroup>
    <Filter Include="Header Files">
      <UniqueIdentifier>{49648668-0ce3-4ec4-aad6-fc235f1b4fa5}</UniqueIdentifier>
    </Filter>
    <Filter Include="Source Files">
      <UniqueIdentifier>{97f92070-f2e9-443a-9496-f3bba542f9a5}</UniqueIdentifier>
    </Filter>
  </ItemGroup>
  <ItemGroup>
    <ClCompile Include="..\src\GXDateTime.cpp">
      <Filter>Source Files</Filter>
    </ClCompile>
    <ClCompile Include="..\src\GXDLMS.cpp">
      <Filter>Source Files</Filter>
    </ClCompile>
    <ClCompile Include="..\src\GXDLMSClient.cpp">
      <Filter>Source Files</Filter>
    </ClCompile>
    <ClCompile Include="..\src\GXDLMSConverter.cpp">
      <Filter>Source Files</Filter>
    </ClCompile>
    <ClCompile Include="..\src\GXDLMSLimits.cpp">
      <Filter>Source Files</Filter>
    </ClCompile>
    <ClCompile Include="..\src\GXDLMSObjectFactory.cpp">
      <Filter>Source Files</Filter>
    </ClCompile>
    <ClCompile Include="..\src\GXDLMSVariant.cpp">
      <Filter>Source Files</Filter>
    </ClCompile>
    <ClCompile Include="..\src\GXStandardObisCode.cpp">
      <Filter>Source Files</Filter>
    </ClCompile>
    <ClCompile Include="..\src\GXStandardObisCodeCollection.cpp">
      <Filter>Source Files</Filter>
    </ClCompile>
    <ClCompile Include="..\src\GXApplicationContextName.cpp">
      <Filter>Source Files</Filter>
    </ClCompile>
    <ClCompile Include="..\src\GXAuthenticationMechanismName.cpp">
      <Filter>Source Files</Filter>
    </ClCompile>
    <ClCompile Include="..\src\GXDLMSActionItem.cpp">
      <Filter>Source Files</Filter>
    </ClCompile>
    <ClCompile Include="..\src\GXDLMSActionSchedule.cpp">
      <Filter>Source Files</Filter>
    </ClCompile>
    <ClCompile Include="..\src\GXDLMSActionSet.cpp">
      <Filter>Source Files</Filter>
    </ClCompile>
    <ClCompile Include="..\src\GXDLMSActivityCalendar.cpp">
      <Filter>Source Files</Filter>
    </ClCompile>
    <ClCompile Include="..\src\GXDLMSAssociationLogicalName.cpp">
      <Filter>Source Files</Filter>
    </ClCompile>
    <ClCompile Include="..\src\GXDLMSAssociationShortName.cpp">
      <Filter>Source Files</Filter>
    </ClCompile>
    <ClCompile Include="..\src\GXDLMSAutoAnswer.cpp">
      <Filter>Source Files</Filter>
    </ClCompile>
    <ClCompile Include="..\src\GXDLMSAutoConnect.cpp">
      <Filter>Source Files</Filter>
    </ClCompile>
    <ClCompile Include="..\src\GXDLMSCaptureObject.cpp">
      <Filter>Source Files</Filter>
    </ClCompile>
    <ClCompile Include="..\src\GXDLMSClock.cpp">
      <Filter>Source Files</Filter>
    </ClCompile>
    <ClCompile Include="..\src\GXDLMSContextType.cpp">
      <Filter>Source Files</Filter>
    </ClCompile>
    <ClCompile Include="..\src\GXDLMSData.cpp">
      <Filter>Source Files</Filter>
    </ClCompile>
    <ClCompile Include="..\src\GXDLMSDayProfile.cpp">
      <Filter>Source Files</Filter>
    </ClCompile>
    <ClCompile Include="..\src\GXDLMSDayProfileAction.cpp">
      <Filter>Source Files</Filter>
    </ClCompile>
    <ClCompile Include="..\src\GXDLMSDemandRegister.cpp">
      <Filter>Source Files</Filter>
    </ClCompile>
    <ClCompile Include="..\src\GXDLMSDisconnectControl.cpp">
      <Filter>Source Files</Filter>
    </ClCompile>
    <ClCompile Include="..\src\GXDLMSEmergencyProfile.cpp">
      <Filter>Source Files</Filter>
    </ClCompile>
    <ClCompile Include="..\src\GXDLMSExtendedRegister.cpp">
      <Filter>Source Files</Filter>
    </ClCompile>
    <ClCompile Include="..\src\GXDLMSGPRSSetup.cpp">
      <Filter>Source Files</Filter>
    </ClCompile>
    <ClCompile Include="..\src\GXDLMSHdlcSetup.cpp">
      <Filter>Source Files</Filter>
    </ClCompile>
    <ClCompile Include="..\src\GXDLMSIECOpticalPortSetup.cpp">
      <Filter>Source Files</Filter>
    </ClCompile>
    <ClCompile Include="..\src\GXDLMSImageActivateInfo.cpp">
      <Filter>Source Files</Filter>
    </ClCompile>
    <ClCompile Include="..\src\GXDLMSImageTransfer.cpp">
      <Filter>Source Files</Filter>
    </ClCompile>
    <ClCompile Include="..\src\GXDLMSIp4Setup.cpp">
      <Filter>Source Files</Filter>
    </ClCompile>
    <ClCompile Include="..\src\GXDLMSIp4SetupIpOption.cpp">
      <Filter>Source Files</Filter>
    </ClCompile>
    <ClCompile Include="..\src\GXDLMSLimiter.cpp">
      <Filter>Source Files</Filter>
    </ClCompile>
    <ClCompile Include="..\src\GXDLMSMacAddressSetup.cpp">
      <Filter>Source Files</Filter>
    </ClCompile>
    <ClCompile Include="..\src\GXDLMSMBusClient.cpp">
      <Filter>Source Files</Filter>
    </ClCompile>
    <ClCompile Include="..\src\GXDLMSMBusMasterPortSetup.cpp">
      <Filter>Source Files</Filter>
    </ClCompile>
    <ClCompile Include="..\src\GXDLMSMBusSlavePortSetup.cpp">
      <Filter>Source Files</Filter>
    </ClCompile>
    <ClCompile Include="..\src\GXDLMSMessageHandler.cpp">
      <Filter>Source Files</Filter>
    </ClCompile>
    <ClCompile Include="..\src\GXDLMSModemConfiguration.cpp">
      <Filter>Source Files</Filter>
    </ClCompile>
    <ClCompile Include="..\src\GXDLMSModemInitialisation.cpp">
      <Filter>Source Files</Filter>
    </ClCompile>
    <ClCompile Include="..\src\GXDLMSMonitoredValue.cpp">
      <Filter>Source Files</Filter>
    </ClCompile>
    <ClCompile Include="..\src\GXDLMSObject.cpp">
      <Filter>Source Files</Filter>
    </ClCompile>
    <ClCompile Include="..\src\GXDLMSObjectCollection.cpp">
      <Filter>Source Files</Filter>
    </ClCompile>
    <ClCompile Include="..\src\GXDLMSObjectDefinition.cpp">
      <Filter>Source Files</Filter>
    </ClCompile>
    <ClCompile Include="..\src\GXDLMSPppSetup.cpp">
      <Filter>Source Files</Filter>
    </ClCompile>
    <ClCompile Include="..\src\GXDLMSPppSetupIPCPOption.cpp">
      <Filter>Source Files</Filter>
    </ClCompile>
    <ClCompile Include="..\src\GXDLMSPppSetupLcpOption.cpp">
      <Filter>Source Files</Filter>
    </ClCompile>
    <ClCompile Include="..\src\GXDLMSProfileGeneric.cpp">
      <Filter>Source Files</Filter>
    </ClCompile>
    <ClCompile Include="..\src\GXDLMSPushSetup.cpp">
      <Filter>Source Files</Filter>
    </ClCompile>
    <ClCompile Include="..\src\GXDLMSQualityOfService.cpp">
      <Filter>Source Files</Filter>
    </ClCompile>
    <ClCompile Include="..\src\GXDLMSRegister.cpp">
      <Filter>Source Files</Filter>
    </ClCompile>
    <ClCompile Include="..\src\GXDLMSRegisterActivation.cpp">
      <Filter>Source Files</Filter>
    </ClCompile>
    <ClCompile Include="..\src\GXDLMSRegisterMonitor.cpp">
      <Filter>Source Files</Filter>
    </ClCompile>
    <ClCompile Include="..\src\GXDLMSSapAssignment.cpp">
      <Filter>Source Files</Filter>
    </ClCompile>
    <ClCompile Include="..\src\GXDLMSSchedule.cpp">
      <Filter>Source Files</Filter>
    </ClCompile>
    <ClCompile Include="..\src\GXDLMSScheduleEntry.cpp">
      <Filter>Source Files</Filter>
    </ClCompile>
    <ClCompile Include="..\src\GXDLMSScriptAction.cpp">
      <Filter>Source Files</Filter>
    </ClCompile>
    <ClCompile Include="..\src\GXDLMSScriptTable.cpp">
      <Filter>Source Files</Filter>
    </ClCompile>
    <ClCompile Include="..\src\GXDLMSSeasonProfile.cpp">
      <Filter>Source Files</Filter>
    </ClCompile>
    <ClCompile Include="..\src\GXDLMSSecuritySetup.cpp">
      <Filter>Source Files</Filter>
    </ClCompile>
    <ClCompile Include="..\src\GXDLMSSpecialDay.cpp">
      <Filter>Source Files</Filter>
    </ClCompile>
    <ClCompile Include="..\src\GXDLMSSpecialDaysTable.cpp">
      <Filter>Source Files</Filter>
    </ClCompile>
    <ClCompile Include="..\src\GXDLMSTcpUdpSetup.cpp">
      <Filter>Source Files</Filter>
    </ClCompile>
    <ClCompile Include="..\src\GXDLMSWeekProfile.cpp">
      <Filter>Source Files</Filter>
    </ClCompile>
    <ClCompile Include="..\src\gxbytebuffer.cpp">
      <Filter>Source Files</Filter>
    </ClCompile>
    <ClCompile Include="..\src\GXDLMSSettings.cpp">
      <Filter>Source Files</Filter>
    </ClCompile>
    <ClCompile Include="..\src\GXHelpers.cpp">
      <Filter>Source Files</Filter>
    </ClCompile>
    <ClCompile Include="..\src\GXSecure.cpp">
      <Filter>Source Files</Filter>
    </ClCompile>
    <ClCompile Include="..\src\GXSerialNumberCounter.cpp">
      <Filter>Source Files</Filter>
    </ClCompile>
    <ClCompile Include="..\src\GXDLMSScript.cpp">
      <Filter>Source Files</Filter>
    </ClCompile>
    <ClCompile Include="..\src\GXSNInfo.cpp">
      <Filter>Source Files</Filter>
    </ClCompile>
    <ClCompile Include="..\src\GXReplyData.cpp">
      <Filter>Source Files</Filter>
    </ClCompile>
    <ClCompile Include="..\src\GXAPDU.cpp">
      <Filter>Source Files</Filter>
    </ClCompile>
    <ClCompile Include="..\src\GXDLMSValueEventArg.cpp">
      <Filter>Source Files</Filter>
    </ClCompile>
    <ClCompile Include="..\src\GXDLMSNotify.cpp">
      <Filter>Source Files</Filter>
    </ClCompile>
    <ClCompile Include="..\src\GXCipher.cpp">
      <Filter>Source Files</Filter>
    </ClCompile>
    <ClCompile Include="..\src\GXDLMSSecureClient.cpp">
      <Filter>Source Files</Filter>
    </ClCompile>
    <ClCompile Include="..\src\GXDLMSServer.cpp">
      <Filter>Source Files</Filter>
    </ClCompile>
    <ClCompile Include="..\src\GXDLMSSecureServer.cpp">
      <Filter>Source Files</Filter>
    </ClCompile>
    <ClCompile Include="..\src\GXDLMSSNParameters.cpp">
      <Filter>Source Files</Filter>
    </ClCompile>
    <ClCompile Include="..\src\GXDLMSLNParameters.cpp">
      <Filter>Source Files</Filter>
    </ClCompile>
    <ClCompile Include="..\src\GXDLMSMd5.cpp">
      <Filter>Source Files</Filter>
    </ClCompile>
    <ClCompile Include="..\src\GXDLMSSha1.cpp">
      <Filter>Source Files</Filter>
    </ClCompile>
    <ClCompile Include="..\src\GXDLMSSha256.cpp">
      <Filter>Source Files</Filter>
    </ClCompile>
    <ClCompile Include="..\src\GXDLMSGSMDiagnostic.cpp">
      <Filter>Source Files</Filter>
    </ClCompile>
    <ClCompile Include="..\src\GXDLMSGSMCellInfo.cpp">
      <Filter>Source Files</Filter>
    </ClCompile>
    <ClCompile Include="..\src\GXAdjacentCell.cpp">
      <Filter>Source Files</Filter>
    </ClCompile>
  </ItemGroup>
  <ItemGroup>
    <ClInclude Include="..\include\Enums.h">
      <Filter>Header Files</Filter>
    </ClInclude>
    <ClInclude Include="..\include\ErrorCodes.h">
      <Filter>Header Files</Filter>
    </ClInclude>
    <ClInclude Include="..\include\GXAPDU.h">
      <Filter>Header Files</Filter>
    </ClInclude>
    <ClInclude Include="..\include\GXApplicationContextName.h">
      <Filter>Header Files</Filter>
    </ClInclude>
    <ClInclude Include="..\include\GXAttributeCollection.h">
      <Filter>Header Files</Filter>
    </ClInclude>
    <ClInclude Include="..\include\GXAuthentication.h">
      <Filter>Header Files</Filter>
    </ClInclude>
    <ClInclude Include="..\include\GXDateTime.h">
      <Filter>Header Files</Filter>
    </ClInclude>
    <ClInclude Include="..\include\GXDLMS.h">
      <Filter>Header Files</Filter>
    </ClInclude>
    <ClInclude Include="..\include\GXDLMSAttribute.h">
      <Filter>Header Files</Filter>
    </ClInclude>
    <ClInclude Include="..\include\GXDLMSClient.h">
      <Filter>Header Files</Filter>
    </ClInclude>
    <ClInclude Include="..\include\GXDLMSConverter.h">
      <Filter>Header Files</Filter>
    </ClInclude>
    <ClInclude Include="..\include\GXDLMSLimits.h">
      <Filter>Header Files</Filter>
    </ClInclude>
    <ClInclude Include="..\include\GXDLMSObjectFactory.h">
      <Filter>Header Files</Filter>
    </ClInclude>
    <ClInclude Include="..\include\GXDLMSVariant.h">
      <Filter>Header Files</Filter>
    </ClInclude>
    <ClInclude Include="..\include\GXHelpers.h">
      <Filter>Header Files</Filter>
    </ClInclude>
    <ClInclude Include="..\include\GXStandardObisCode.h">
      <Filter>Header Files</Filter>
    </ClInclude>
    <ClInclude Include="..\include\GXStandardObisCodeCollection.h">
      <Filter>Header Files</Filter>
    </ClInclude>
    <ClInclude Include="..\include\OBiscodes.h">
      <Filter>Header Files</Filter>
    </ClInclude>
    <ClInclude Include="..\include\GXApplicationContextName.h">
      <Filter>Object Header Files</Filter>
    </ClInclude>
    <ClInclude Include="..\include\GXAuthenticationMechanismName.h">
      <Filter>Header Files</Filter>
    </ClInclude>
    <ClInclude Include="..\include\GXDLMSActionItem.h">
      <Filter>Header Files</Filter>
    </ClInclude>
    <ClInclude Include="..\include\GXDLMSActionSchedule.h">
      <Filter>Header Files</Filter>
    </ClInclude>
    <ClInclude Include="..\include\GXDLMSActionSet.h">
      <Filter>Header Files</Filter>
    </ClInclude>
    <ClInclude Include="..\include\GXDLMSActivityCalendar.h">
      <Filter>Header Files</Filter>
    </ClInclude>
    <ClInclude Include="..\include\GXDLMSAssociationLogicalName.h">
      <Filter>Header Files</Filter>
    </ClInclude>
    <ClInclude Include="..\include\GXDLMSAssociationShortName.h">
      <Filter>Header Files</Filter>
    </ClInclude>
    <ClInclude Include="..\include\GXDLMSAutoAnswer.h">
      <Filter>Header Files</Filter>
    </ClInclude>
    <ClInclude Include="..\include\GXDLMSAutoConnect.h">
      <Filter>Header Files</Filter>
    </ClInclude>
    <ClInclude Include="..\include\GXDLMSCaptureObject.h">
      <Filter>Header Files</Filter>
    </ClInclude>
    <ClInclude Include="..\include\GXDLMSClock.h">
      <Filter>Header Files</Filter>
    </ClInclude>
    <ClInclude Include="..\include\GXDLMSContextType.h">
      <Filter>Header Files</Filter>
    </ClInclude>
    <ClInclude Include="..\include\GXDLMSData.h">
      <Filter>Header Files</Filter>
    </ClInclude>
    <ClInclude Include="..\include\GXDLMSDayProfile.h">
      <Filter>Header Files</Filter>
    </ClInclude>
    <ClInclude Include="..\include\GXDLMSDayProfileAction.h">
      <Filter>Header Files</Filter>
    </ClInclude>
    <ClInclude Include="..\include\GXDLMSDemandRegister.h">
      <Filter>Header Files</Filter>
    </ClInclude>
    <ClInclude Include="..\include\GXDLMSDisconnectControl.h">
      <Filter>Header Files</Filter>
    </ClInclude>
    <ClInclude Include="..\include\GXDLMSEmergencyProfile.h">
      <Filter>Header Files</Filter>
    </ClInclude>
    <ClInclude Include="..\include\GXDLMSExtendedRegister.h">
      <Filter>Header Files</Filter>
    </ClInclude>
    <ClInclude Include="..\include\GXDLMSGPRSSetup.h">
      <Filter>Header Files</Filter>
    </ClInclude>
    <ClInclude Include="..\include\GXDLMSHdlcSetup.h">
      <Filter>Header Files</Filter>
    </ClInclude>
    <ClInclude Include="..\include\GXDLMSIECOpticalPortSetup.h">
      <Filter>Header Files</Filter>
    </ClInclude>
    <ClInclude Include="..\include\GXDLMSImageActivateInfo.h">
      <Filter>Header Files</Filter>
    </ClInclude>
    <ClInclude Include="..\include\GXDLMSImageTransfer.h">
      <Filter>Header Files</Filter>
    </ClInclude>
    <ClInclude Include="..\include\GXDLMSIp4Setup.h">
      <Filter>Header Files</Filter>
    </ClInclude>
    <ClInclude Include="..\include\GXDLMSIp4SetupIpOption.h">
      <Filter>Header Files</Filter>
    </ClInclude>
    <ClInclude Include="..\include\GXDLMSLimiter.h">
      <Filter>Header Files</Filter>
    </ClInclude>
    <ClInclude Include="..\include\GXDLMSMacAddressSetup.h">
      <Filter>Header Files</Filter>
    </ClInclude>
    <ClInclude Include="..\include\GXDLMSMBusClient.h">
      <Filter>Header Files</Filter>
    </ClInclude>
    <ClInclude Include="..\include\GXDLMSMBusMasterPortSetup.h">
      <Filter>Header Files</Filter>
    </ClInclude>
    <ClInclude Include="..\include\GXDLMSMBusSlavePortSetup.h">
      <Filter>Header Files</Filter>
    </ClInclude>
    <ClInclude Include="..\include\GXDLMSMessageHandler.h">
      <Filter>Header Files</Filter>
    </ClInclude>
    <ClInclude Include="..\include\GXDLMSModemConfiguration.h">
      <Filter>Header Files</Filter>
    </ClInclude>
    <ClInclude Include="..\include\GXDLMSModemInitialisation.h">
      <Filter>Header Files</Filter>
    </ClInclude>
    <ClInclude Include="..\include\GXDLMSMonitoredValue.h">
      <Filter>Header Files</Filter>
    </ClInclude>
    <ClInclude Include="..\include\GXDLMSObject.h">
      <Filter>Header Files</Filter>
    </ClInclude>
    <ClInclude Include="..\include\GXDLMSObjectCollection.h">
      <Filter>Header Files</Filter>
    </ClInclude>
    <ClInclude Include="..\include\GXDLMSObjectDefinition.h">
      <Filter>Header Files</Filter>
    </ClInclude>
    <ClInclude Include="..\include\GXDLMSPppSetup.h">
      <Filter>Header Files</Filter>
    </ClInclude>
    <ClInclude Include="..\include\GXDLMSPppSetupIPCPOption.h">
      <Filter>Header Files</Filter>
    </ClInclude>
    <ClInclude Include="..\include\GXDLMSPppSetupLcpOption.h">
      <Filter>Header Files</Filter>
    </ClInclude>
    <ClInclude Include="..\include\GXDLMSProfileGeneric.h">
      <Filter>Header Files</Filter>
    </ClInclude>
    <ClInclude Include="..\include\GXDLMSPushSetup.h">
      <Filter>Header Files</Filter>
    </ClInclude>
    <ClInclude Include="..\include\GXDLMSQualityOfService.h">
      <Filter>Header Files</Filter>
    </ClInclude>
    <ClInclude Include="..\include\GXDLMSRegister.h">
      <Filter>Header Files</Filter>
    </ClInclude>
    <ClInclude Include="..\include\GXDLMSRegisterActivation.h">
      <Filter>Header Files</Filter>
    </ClInclude>
    <ClInclude Include="..\include\GXDLMSRegisterMonitor.h">
      <Filter>Header Files</Filter>
    </ClInclude>
    <ClInclude Include="..\include\GXDLMSSapAssignment.h">
      <Filter>Header Files</Filter>
    </ClInclude>
    <ClInclude Include="..\include\GXDLMSSchedule.h">
      <Filter>Header Files</Filter>
    </ClInclude>
    <ClInclude Include="..\include\GXDLMSScheduleEntry.h">
      <Filter>Header Files</Filter>
    </ClInclude>
    <ClInclude Include="..\include\GXDLMSScriptAction.h">
      <Filter>Header Files</Filter>
    </ClInclude>
    <ClInclude Include="..\include\GXDLMSScriptTable.h">
      <Filter>Header Files</Filter>
    </ClInclude>
    <ClInclude Include="..\include\GXDLMSSeasonProfile.h">
      <Filter>Header Files</Filter>
    </ClInclude>
    <ClInclude Include="..\include\GXDLMSSecuritySetup.h">
      <Filter>Header Files</Filter>
    </ClInclude>
    <ClInclude Include="..\include\GXDLMSSpecialDay.h">
      <Filter>Header Files</Filter>
    </ClInclude>
    <ClInclude Include="..\include\GXDLMSSpecialDaysTable.h">
      <Filter>Header Files</Filter>
    </ClInclude>
    <ClInclude Include="..\include\GXDLMSTcpUdpSetup.h">
      <Filter>Header Files</Filter>
    </ClInclude>
    <ClInclude Include="..\include\GXDLMSWeekProfile.h">
      <Filter>Header Files</Filter>
    </ClInclude>
    <ClInclude Include="..\include\IGXDLMSBase.h">
      <Filter>Header Files</Filter>
    </ClInclude>
    <ClInclude Include="..\include\gxbytebuffer.h">
      <Filter>Header Files</Filter>
    </ClInclude>
    <ClInclude Include="..\include\GXDLMSSettings.h">
      <Filter>Header Files</Filter>
    </ClInclude>
    <ClInclude Include="..\include\GXReplyData.h">
      <Filter>Header Files</Filter>
    </ClInclude>
    <ClInclude Include="..\include\GXSecure.h">
      <Filter>Header Files</Filter>
    </ClInclude>
    <ClInclude Include="..\include\GXCipher.h">
      <Filter>Header Files</Filter>
    </ClInclude>
    <ClInclude Include="..\include\GXSerialNumberCounter.h">
      <Filter>Header Files</Filter>
    </ClInclude>
    <ClInclude Include="..\include\GXDLMSScript.h">
      <Filter>Header Files</Filter>
    </ClInclude>
    <ClInclude Include="..\include\GXDLMSLongTransaction.h">
      <Filter>Header Files</Filter>
    </ClInclude>
    <ClInclude Include="..\include\GXSNInfo.h">
      <Filter>Header Files</Filter>
    </ClInclude>
    <ClInclude Include="..\include\GXDLMSValueEventCollection.h">
      <Filter>Header Files</Filter>
    </ClInclude>
    <ClInclude Include="..\include\GXDLMSValueEventArg.h">
      <Filter>Header Files</Filter>
    </ClInclude>
    <ClInclude Include="..\include\GXDLMSNotify.h">
      <Filter>Header Files</Filter>
    </ClInclude>
    <ClInclude Include="..\include\chipperingenums.h">
      <Filter>Header Files</Filter>
    </ClInclude>
    <ClInclude Include="..\include\GXGMac.h">
      <Filter>Header Files</Filter>
    </ClInclude>
    <ClInclude Include="..\include\GXDLMSSecureClient.h">
      <Filter>Header Files</Filter>
    </ClInclude>
    <ClInclude Include="..\include\GXDLMSLNParameters.h">
      <Filter>Header Files</Filter>
    </ClInclude>
    <ClInclude Include="..\include\GXDLMSSNParameters.h">
      <Filter>Header Files</Filter>
    </ClInclude>
    <ClInclude Include="..\include\GXDLMSServer.h">
      <Filter>Header Files</Filter>
    </ClInclude>
    <ClInclude Include="..\include\GXDLMSSecureServer.h">
      <Filter>Header Files</Filter>
    </ClInclude>
    <ClInclude Include="..\include\GXDLMSConnectionEventArgs.h">
      <Filter>Header Files</Filter>
    </ClInclude>
    <ClInclude Include="..\include\GXTime.h">
      <Filter>Header Files</Filter>
    </ClInclude>
    <ClInclude Include="..\include\GXDate.h">
      <Filter>Header Files</Filter>
    </ClInclude>
    <ClInclude Include="..\include\GXDLMSSha1.h">
      <Filter>Header Files</Filter>
    </ClInclude>
    <ClInclude Include="..\include\GXDLMSSha256.h">
      <Filter>Header Files</Filter>
    </ClInclude>
    <ClInclude Include="..\include\GXDLMSMd5.h">
      <Filter>Header Files</Filter>
    </ClInclude>
    <ClInclude Include="..\include\GXDLMSGSMDiagnostic.h">
      <Filter>Header Files</Filter>
    </ClInclude>
    <ClInclude Include="..\include\GXDLMSGSMCellInfo.h">
      <Filter>Header Files</Filter>
    </ClInclude>
    <ClInclude Include="..\include\GXAdjacentCell.h">
      <Filter>Header Files</Filter>
    </ClInclude>
  </ItemGroup>
  <ItemGroup>
    <None Include="..\..\README.md" />
  </ItemGroup>
</Project>